
Microsoft Visual Studio Solution File, Format Version 12.00
# Visual Studio Version 17
VisualStudioVersion = 17.2.32526.322
MinimumVisualStudioVersion = 10.0.40219.1
Project("{FAE04EC0-301F-11D3-BF4B-00C04F79EFBC}") = "RandomCardGenerator", "RandomCardGenerator\RandomCardGenerator.csproj", "{5F3F9CA0-C2A6-494A-918A-A2A058298004}"
EndProject
Global
	GlobalSection(SolutionConfigurationPlatforms) = preSolution
		Debug|Any CPU = Debug|Any CPU
		Release|Any CPU = Release|Any CPU
	EndGlobalSection
	GlobalSection(ProjectConfigurationPlatforms) = postSolution
		{5F3F9CA0-C2A6-494A-918A-A2A058298004}.Debug|Any CPU.ActiveCfg = Debug|Any CPU
		{5F3F9CA0-C2A6-494A-918A-A2A058298004}.Debug|Any CPU.Build.0 = Debug|Any CPU
		{5F3F9CA0-C2A6-494A-918A-A2A058298004}.Release|Any CPU.ActiveCfg = Release|Any CPU
		{5F3F9CA0-C2A6-494A-918A-A2A058298004}.Release|Any CPU.Build.0 = Release|Any CPU
	EndGlobalSection
	GlobalSection(SolutionProperties) = preSolution
		HideSolutionNode = FALSE
	EndGlobalSection
	GlobalSection(ExtensibilityGlobals) = postSolution
		SolutionGuid = {30AF426A-0856-4E46-B248-AD8593BA5E2F}
	EndGlobalSection
EndGlobal
